<Solution>
  <Project Path="src\AppHost\AppHost.csproj" />
  <Project Path="src\ServiceDefaults\ServiceDefaults.csproj" />
  <Project Path="src\SluiceBase.Api\SluiceBase.Api.csproj" />
  <Project Path="src\SluiceBase.Core\SluiceBase.Core.csproj" />
  <Project Path="tests\SluiceBase.Api.IntegrationTests\SluiceBase.Api.IntegrationTests.csproj" />
</Solution>
